
Microsoft Visual Studio Solution File, Format Version 12.00
# Visual Studio Version 17
VisualStudioVersion = 17.9.34723.18
MinimumVisualStudioVersion = 10.0.40219.1
Project("{FAE04EC0-301F-11D3-BF4B-00C04F79EFBC}") = "SuperMarket.Web", "SuperMarket.Web\SuperMarket.Web.csproj", "{9252E620-9314-4AAB-8342-95FE181CE870}"
EndProject
Global
	GlobalSection(SolutionConfigurationPlatforms) = preSolution
		Debug|Any CPU = Debug|Any CPU
		Release|Any CPU = Release|Any CPU
	EndGlobalSection
	GlobalSection(ProjectConfigurationPlatforms) = postSolution
		{9252E620-9314-4AAB-8342-95FE181CE870}.Debug|Any CPU.ActiveCfg = Debug|Any CPU
		{9252E620-9314-4AAB-8342-95FE181CE870}.Debug|Any CPU.Build.0 = Debug|Any CPU
		{9252E620-9314-4AAB-8342-95FE181CE870}.Release|Any CPU.ActiveCfg = Release|Any CPU
		{9252E620-9314-4AAB-8342-95FE181CE870}.Release|Any CPU.Build.0 = Release|Any CPU
	EndGlobalSection
	GlobalSection(SolutionProperties) = preSolution
		HideSolutionNode = FALSE
	EndGlobalSection
	GlobalSection(ExtensibilityGlobals) = postSolution
		SolutionGuid = {E1BB02AD-7A37-4358-85EC-04F28CB7D6D8}
	EndGlobalSection
EndGlobal
